
Microsoft Visual Studio Solution File, Format Version 12.00
# Visual Studio 15
VisualStudioVersion = 15.0.27703.2047
MinimumVisualStudioVersion = 10.0.40219.1
Project("{FAE04EC0-301F-11D3-BF4B-00C04F79EFBC}") = "CustomPermission", "CustomPermission\CustomPermission.csproj", "{AD28A02B-9C89-439A-A587-716E02DF262D}"
EndProject
Global
	GlobalSection(SolutionConfigurationPlatforms) = preSolution
		Debug|Any CPU = Debug|Any CPU
		Release|Any CPU = Release|Any CPU
	EndGlobalSection
	GlobalSection(ProjectConfigurationPlatforms) = postSolution
		{AD28A02B-9C89-439A-A587-716E02DF262D}.Debug|Any CPU.ActiveCfg = Debug|Any CPU
		{AD28A02B-9C89-439A-A587-716E02DF262D}.Debug|Any CPU.Build.0 = Debug|Any CPU
		{AD28A02B-9C89-439A-A587-716E02DF262D}.Release|Any CPU.ActiveCfg = Release|Any CPU
		{AD28A02B-9C89-439A-A587-716E02DF262D}.Release|Any CPU.Build.0 = Release|Any CPU
	EndGlobalSection
	GlobalSection(SolutionProperties) = preSolution
		HideSolutionNode = FALSE
	EndGlobalSection
	GlobalSection(ExtensibilityGlobals) = postSolution
		SolutionGuid = {A070EC08-1820-408B-9318-20AF17011A06}
	EndGlobalSection
EndGlobal
